{
  "name": "language-br",
  "version": "0.0.1",
  "lockfileVersion": 1,
  "requires": true,
  "dependencies": {
    "node-ansiparser": {
      "version": "2.2.0",
      "resolved": "https://registry.npmjs.org/node-ansiparser/-/node-ansiparser-2.2.0.tgz",
      "integrity": "sha1-tyTT5eP6WoVCVrtjrOsJHnIHk60="
    }
  }
}
